
Microsoft Visual Studio Solution File, Format Version 12.00
# Visual Studio Version 17
VisualStudioVersion = 17.8.34408.163
MinimumVisualStudioVersion = 10.0.40219.1
Project("{FAE04EC0-301F-11D3-BF4B-00C04F79EFBC}") = "Analyzer", "Analyzer.csproj", "{1C6799AA-C66D-4988-B5AC-6892189C064D}"
EndProject
Global
	GlobalSection(SolutionConfigurationPlatforms) = preSolution
		Debug|Any CPU = Debug|Any CPU
		Release|Any CPU = Release|Any CPU
	EndGlobalSection
	GlobalSection(ProjectConfigurationPlatforms) = postSolution
		{1C6799AA-C66D-4988-B5AC-6892189C064D}.Debug|Any CPU.ActiveCfg = Debug|Any CPU
		{1C6799AA-C66D-4988-B5AC-6892189C064D}.Debug|Any CPU.Build.0 = Debug|Any CPU
		{1C6799AA-C66D-4988-B5AC-6892189C064D}.Release|Any CPU.ActiveCfg = Release|Any CPU
		{1C6799AA-C66D-4988-B5AC-6892189C064D}.Release|Any CPU.Build.0 = Release|Any CPU
	EndGlobalSection
	GlobalSection(SolutionProperties) = preSolution
		HideSolutionNode = FALSE
	EndGlobalSection
	GlobalSection(ExtensibilityGlobals) = postSolution
		SolutionGuid = {0D7E1423-1E5C-4DC3-9432-D35D438CD245}
	EndGlobalSection
EndGlobal
